
Microsoft Visual Studio Solution File, Format Version 12.00
# Visual Studio Version 16
VisualStudioVersion = 16.0.30413.136
MinimumVisualStudioVersion = 10.0.40219.1
Project("{FAE04EC0-301F-11D3-BF4B-00C04F79EFBC}") = "WinFormsApp", "WinFormsApp\WinFormsApp.csproj", "{65A4951D-E0FF-4B47-8FAD-30EBFB6BABC4}"
EndProject
Project("{930C7802-8A8C-48F9-8165-68863BCCD9DD}") = "WinFormsAppInstaller", "WinFormsAppInstaller\WinFormsAppInstaller.wixproj", "{DF4BA01F-4AC7-4ED9-9C95-751BE1E8F7FA}"
EndProject
Global
	GlobalSection(SolutionConfigurationPlatforms) = preSolution
		Debug|x64 = Debug|x64
		Debug|x86 = Debug|x86
		Release|x64 = Release|x64
		Release|x86 = Release|x86
	EndGlobalSection
	GlobalSection(ProjectConfigurationPlatforms) = postSolution
		{65A4951D-E0FF-4B47-8FAD-30EBFB6BABC4}.Debug|x64.ActiveCfg = Debug|x64
		{65A4951D-E0FF-4B47-8FAD-30EBFB6BABC4}.Debug|x64.Build.0 = Debug|x64
		{65A4951D-E0FF-4B47-8FAD-30EBFB6BABC4}.Debug|x86.ActiveCfg = Debug|x86
		{65A4951D-E0FF-4B47-8FAD-30EBFB6BABC4}.Debug|x86.Build.0 = Debug|x86
		{65A4951D-E0FF-4B47-8FAD-30EBFB6BABC4}.Release|x64.ActiveCfg = Release|x64
		{65A4951D-E0FF-4B47-8FAD-30EBFB6BABC4}.Release|x64.Build.0 = Release|x64
		{65A4951D-E0FF-4B47-8FAD-30EBFB6BABC4}.Release|x86.ActiveCfg = Release|x86
		{65A4951D-E0FF-4B47-8FAD-30EBFB6BABC4}.Release|x86.Build.0 = Release|x86
		{DF4BA01F-4AC7-4ED9-9C95-751BE1E8F7FA}.Debug|x64.ActiveCfg = Debug|x64
		{DF4BA01F-4AC7-4ED9-9C95-751BE1E8F7FA}.Debug|x64.Build.0 = Debug|x64
		{DF4BA01F-4AC7-4ED9-9C95-751BE1E8F7FA}.Debug|x86.ActiveCfg = Debug|x86
		{DF4BA01F-4AC7-4ED9-9C95-751BE1E8F7FA}.Debug|x86.Build.0 = Debug|x86
		{DF4BA01F-4AC7-4ED9-9C95-751BE1E8F7FA}.Release|x64.ActiveCfg = Release|x64
		{DF4BA01F-4AC7-4ED9-9C95-751BE1E8F7FA}.Release|x64.Build.0 = Release|x64
		{DF4BA01F-4AC7-4ED9-9C95-751BE1E8F7FA}.Release|x86.ActiveCfg = Release|x86
		{DF4BA01F-4AC7-4ED9-9C95-751BE1E8F7FA}.Release|x86.Build.0 = Release|x86
	EndGlobalSection
	GlobalSection(SolutionProperties) = preSolution
		HideSolutionNode = FALSE
	EndGlobalSection
	GlobalSection(ExtensibilityGlobals) = postSolution
		SolutionGuid = {C0376C67-F67E-4AF3-AF1F-F97AAEDE96DB}
	EndGlobalSection
EndGlobal
